
Microsoft Visual Studio Solution File, Format Version 12.00
# Visual Studio Version 17
VisualStudioVersion = 17.1.32421.90
MinimumVisualStudioVersion = 10.0.40219.1
Project("{9A19103F-16F7-4668-BE54-9A1E7A4F7556}") = "SwissTransport", "src\SwissTransport\SwissTransport.csproj", "{D0262178-A48F-4DE0-807B-E76B63E39421}"
EndProject
Project("{9A19103F-16F7-4668-BE54-9A1E7A4F7556}") = "SwissTransportTest", "tests\SwissTransportTest\SwissTransportTest.csproj", "{959C6E54-5B1C-40F5-938A-C57B17451421}"
EndProject
Project("{9A19103F-16F7-4668-BE54-9A1E7A4F7556}") = "SwissTransportGUI", "SwissTransportGUI\SwissTransportGUI.csproj", "{646CBE22-45E7-4AFB-8E7C-FECADA9CDF96}"
EndProject
Project("{54435603-DBB4-11D2-8724-00A0C9A8B90C}") = "SwissTransportInstaller", "SwissTransportInstaller\SwissTransportInstaller.vdproj", "{1183B43A-1E00-4055-A270-D8A2586F42C4}"
EndProject
Global
	GlobalSection(SolutionConfigurationPlatforms) = preSolution
		Debug|Any CPU = Debug|Any CPU
		Release|Any CPU = Release|Any CPU
	EndGlobalSection
	GlobalSection(ProjectConfigurationPlatforms) = postSolution
		{D0262178-A48F-4DE0-807B-E76B63E39421}.Debug|Any CPU.ActiveCfg = Debug|Any CPU
		{D0262178-A48F-4DE0-807B-E76B63E39421}.Debug|Any CPU.Build.0 = Debug|Any CPU
		{D0262178-A48F-4DE0-807B-E76B63E39421}.Release|Any CPU.ActiveCfg = Release|Any CPU
		{D0262178-A48F-4DE0-807B-E76B63E39421}.Release|Any CPU.Build.0 = Release|Any CPU
		{959C6E54-5B1C-40F5-938A-C57B17451421}.Debug|Any CPU.ActiveCfg = Debug|Any CPU
		{959C6E54-5B1C-40F5-938A-C57B17451421}.Debug|Any CPU.Build.0 = Debug|Any CPU
		{959C6E54-5B1C-40F5-938A-C57B17451421}.Release|Any CPU.ActiveCfg = Release|Any CPU
		{959C6E54-5B1C-40F5-938A-C57B17451421}.Release|Any CPU.Build.0 = Release|Any CPU
		{646CBE22-45E7-4AFB-8E7C-FECADA9CDF96}.Debug|Any CPU.ActiveCfg = Debug|Any CPU
		{646CBE22-45E7-4AFB-8E7C-FECADA9CDF96}.Debug|Any CPU.Build.0 = Debug|Any CPU
		{646CBE22-45E7-4AFB-8E7C-FECADA9CDF96}.Release|Any CPU.ActiveCfg = Release|Any CPU
		{646CBE22-45E7-4AFB-8E7C-FECADA9CDF96}.Release|Any CPU.Build.0 = Release|Any CPU
		{1183B43A-1E00-4055-A270-D8A2586F42C4}.Debug|Any CPU.ActiveCfg = Debug
		{1183B43A-1E00-4055-A270-D8A2586F42C4}.Release|Any CPU.ActiveCfg = Release
	EndGlobalSection
	GlobalSection(SolutionProperties) = preSolution
		HideSolutionNode = FALSE
	EndGlobalSection
	GlobalSection(ExtensibilityGlobals) = postSolution
		SolutionGuid = {04A35FE2-340E-4C72-8977-297EE02F9041}
	EndGlobalSection
EndGlobal
